// !$*UTF8*$!
{
	archiveVersion = 1;
	classes = {
	};
	objectVersion = 48;
	objects = {

/* Begin PBXBuildFile section */
		E22F9AE31F92378F00FB5CAA /* ResourcePath.mm in Sources */ = {isa = PBXBuildFile; fileRef = E22F9AE21F92378F00FB5CAA /* ResourcePath.mm */; };
		E22F9AE61F92378F00FB5CAA /* main.cpp in Sources */ = {isa = PBXBuildFile; fileRef = E22F9AE51F92378F00FB5CAA /* main.cpp */; };
		E22F9AE91F92378F00FB5CAA /* cute_image.jpg in Resources */ = {isa = PBXBuildFile; fileRef = E22F9AE81F92378F00FB5CAA /* cute_image.jpg */; };
		E22F9AEB1F92378F00FB5CAA /* nice_music.ogg in Resources */ = {isa = PBXBuildFile; fileRef = E22F9AEA1F92378F00FB5CAA /* nice_music.ogg */; };
		E22F9AED1F92378F00FB5CAA /* sansation.ttf in Resources */ = {isa = PBXBuildFile; fileRef = E22F9AEC1F92378F00FB5CAA /* sansation.ttf */; };
		E22F9AEF1F92378F00FB5CAA /* icon.png in Resources */ = {isa = PBXBuildFile; fileRef = E22F9AEE1F92378F00FB5CAA /* icon.png */; };
/* End PBXBuildFile section */

/* Begin PBXFileReference section */
		E22F9ADD1F92378F00FB5CAA /* My First Game.app */ = {isa = PBXFileReference; explicitFileType = wrapper.application; includeInIndex = 0; path = "My First Game.app"; sourceTree = BUILT_PRODUCTS_DIR; };
		E22F9AE11F92378F00FB5CAA /* My First Game-Info.plist */ = {isa = PBXFileReference; lastKnownFileType = text.plist.xml; path = "My First Game-Info.plist"; sourceTree = "<group>"; };
		E22F9AE21F92378F00FB5CAA /* ResourcePath.mm */ = {isa = PBXFileReference; lastKnownFileType = sourcecode.cpp.objcpp; path = ResourcePath.mm; sourceTree = "<group>"; };
		E22F9AE41F92378F00FB5CAA /* ResourcePath.hpp */ = {isa = PBXFileReference; lastKnownFileType = sourcecode.cpp.h; path = ResourcePath.hpp; sourceTree = "<group>"; };
		E22F9AE51F92378F00FB5CAA /* main.cpp */ = {isa = PBXFileReference; lastKnownFileType = sourcecode.cpp.cpp; path = main.cpp; sourceTree = "<group>"; };
		E22F9AE81F92378F00FB5CAA /* cute_image.jpg */ = {isa = PBXFileReference; lastKnownFileType = image.jpeg; path = cute_image.jpg; sourceTree = "<group>"; };
		E22F9AEA1F92378F00FB5CAA /* nice_music.ogg */ = {isa = PBXFileReference; lastKnownFileType = file; path = nice_music.ogg; sourceTree = "<group>"; };
		E22F9AEC1F92378F00FB5CAA /* sansation.ttf */ = {isa = PBXFileReference; lastKnownFileType = file; path = sansation.ttf; sourceTree = "<group>"; };
		E22F9AEE1F92378F00FB5CAA /* icon.png */ = {isa = PBXFileReference; lastKnownFileType = image.png; path = icon.png; sourceTree = "<group>"; };
/* End PBXFileReference section */

/* Begin PBXFrameworksBuildPhase section */
		E22F9AD91F92378F00FB5CAA /* Frameworks */ = {
			isa = PBXFrameworksBuildPhase;
			buildActionMask = 2147483647;
			files = (
			);
			runOnlyForDeploymentPostprocessing = 0;
		};
/* End PBXFrameworksBuildPhase section */

/* Begin PBXGroup section */
		E22F9AD31F92378F00FB5CAA = {
			isa = PBXGroup;
			children = (
				E22F9ADF1F92378F00FB5CAA /* My First Game */,
				E22F9ADE1F92378F00FB5CAA /* Products */,
			);
			sourceTree = "<group>";
		};
		E22F9ADE1F92378F00FB5CAA /* Products */ = {
			isa = PBXGroup;
			children = (
				E22F9ADD1F92378F00FB5CAA /* My First Game.app */,
			);
			name = Products;
			sourceTree = "<group>";
		};
		E22F9ADF1F92378F00FB5CAA /* My First Game */ = {
			isa = PBXGroup;
			children = (
				E22F9AE21F92378F00FB5CAA /* ResourcePath.mm */,
				E22F9AE41F92378F00FB5CAA /* ResourcePath.hpp */,
				E22F9AE51F92378F00FB5CAA /* main.cpp */,
				E22F9AE71F92378F00FB5CAA /* Resources */,
				E22F9AE01F92378F00FB5CAA /* Supporting Files */,
			);
			path = "My First Game";
			sourceTree = "<group>";
		};
		E22F9AE01F92378F00FB5CAA /* Supporting Files */ = {
			isa = PBXGroup;
			children = (
				E22F9AE11F92378F00FB5CAA /* My First Game-Info.plist */,
			);
			name = "Supporting Files";
			sourceTree = "<group>";
		};
		E22F9AE71F92378F00FB5CAA /* Resources */ = {
			isa = PBXGroup;
			children = (
				E22F9AE81F92378F00FB5CAA /* cute_image.jpg */,
				E22F9AEA1F92378F00FB5CAA /* nice_music.ogg */,
				E22F9AEC1F92378F00FB5CAA /* sansation.ttf */,
				E22F9AEE1F92378F00FB5CAA /* icon.png */,
			);
			name = Resources;
			sourceTree = "<group>";
		};
/* End PBXGroup section */

/* Begin PBXNativeTarget section */
		E22F9ADC1F92378F00FB5CAA /* My First Game */ = {
			isa = PBXNativeTarget;
			buildConfigurationList = E22F9AF21F92378F00FB5CAA /* Build configuration list for PBXNativeTarget "My First Game" */;
			buildPhases = (
				E22F9AD81F92378F00FB5CAA /* Sources */,
				E22F9AD91F92378F00FB5CAA /* Frameworks */,
				E22F9ADA1F92378F00FB5CAA /* Resources */,
				E22F9ADB1F92378F00FB5CAA /* ShellScript */,
			);
			buildRules = (
			);
			dependencies = (
			);
			name = "My First Game";
			productName = "My First Game";
			productReference = E22F9ADD1F92378F00FB5CAA /* My First Game.app */;
			productType = "com.apple.product-type.application";
		};
/* End PBXNativeTarget section */

/* Begin PBXProject section */
		E22F9AD41F92378F00FB5CAA /* Project object */ = {
			isa = PBXProject;
			attributes = {
				LastUpgradeCheck = 0900;
				ORGANIZATIONNAME = "Tarek Mohamed Abdalla";
				TargetAttributes = {
					E22F9ADC1F92378F00FB5CAA = {
						CreatedOnToolsVersion = 9.0;
						ProvisioningStyle = Automatic;
					};
				};
			};
			buildConfigurationList = E22F9AD71F92378F00FB5CAA /* Build configuration list for PBXProject "My First Game" */;
			compatibilityVersion = "Xcode 8.0";
			developmentRegion = en;
			hasScannedForEncodings = 0;
			knownRegions = (
				en,
			);
			mainGroup = E22F9AD31F92378F00FB5CAA;
			productRefGroup = E22F9ADE1F92378F00FB5CAA /* Products */;
			projectDirPath = "";
			projectRoot = "";
			targets = (
				E22F9ADC1F92378F00FB5CAA /* My First Game */,
			);
		};
/* End PBXProject section */

/* Begin PBXResourcesBuildPhase section */
		E22F9ADA1F92378F00FB5CAA /* Resources */ = {
			isa = PBXResourcesBuildPhase;
			buildActionMask = 2147483647;
			files = (
				E22F9AEF1F92378F00FB5CAA /* icon.png in Resources */,
				E22F9AED1F92378F00FB5CAA /* sansation.ttf in Resources */,
				E22F9AEB1F92378F00FB5CAA /* nice_music.ogg in Resources */,
				E22F9AE91F92378F00FB5CAA /* cute_image.jpg in Resources */,
			);
			runOnlyForDeploymentPostprocessing = 0;
		};
/* End PBXResourcesBuildPhase section */

/* Begin PBXShellScriptBuildPhase section */
		E22F9ADB1F92378F00FB5CAA /* ShellScript */ = {
			isa = PBXShellScriptBuildPhase;
			buildActionMask = 2147483647;
			files = (
			);
			inputPaths = (
			);
			outputPaths = (
			);
			runOnlyForDeploymentPostprocessing = 0;
			shellPath = /bin/sh;
			shellScript = "# This shell script simply copies required SFML dylibs/frameworks into the application bundle frameworks folder.\n# If you're using static libraries (which is not recommended) you should remove this script from your project.\n\n# SETTINGS\nCMAKE_INSTALL_FRAMEWORK_PREFIX=\"/Library/Frameworks\"\nCMAKE_INSTALL_LIB_PREFIX=\"/usr/local/lib\"\nFRAMEWORKS_FULL_PATH=\"$BUILT_PRODUCTS_DIR/$FRAMEWORKS_FOLDER_PATH/\"\n\n# Are we building a project that uses frameworks or dylibs?\ncase \"$SFML_BINARY_TYPE\" in\n    DYLIBS)\n        frameworks=\"false\"\n        ;;\n    *)\n        frameworks=\"true\"\n        ;;\nesac\n\n# Echoes to stderr\nerror () # $* message to display\n{\n    echo $* 1>&2\n    exit 2\n}\n\nassert () # $1 is a boolean, $2...N is an error message\n{\n    if [ $# -lt 2 ]\n    then\n        error \"Internal error in assert: not enough args\"\n    fi\n\n    if [ $1 -ne 0 ]\n    then\n        shift\n        error \"$*\"\n    fi\n}\n\nforce_remove () # $@ is some paths\n{\n    test $# -ge 1\n    assert $? \"force_remove() requires at least one parameter\"\n    rm -fr $@\n    assert $? \"couldn't remove $@\"\n}\n\ncopy () # $1 is a source, $2 is a destination\n{\n    test $# -eq 2\n    assert $? \"copy() requires two parameters\"\n    ditto \"$1\" \"$2\"\n    assert $? \"couldn't copy $1 to $2\"\n}\n\nrequire () # $1 is a SFML module like 'system' or 'audio'\n{\n    dest=\"$BUILT_PRODUCTS_DIR/$FRAMEWORKS_FOLDER_PATH/\"\n\n    if [ -z \"$1\" ]\n    then\n        error \"require() requires one parameter!\"\n    else\n        # clean potentially old stuff\n        force_remove \"$dest/libsfml-$1\"*\n        force_remove \"$dest/sfml-$1.framework\"\n\n        # copy SFML libraries\n        if [ \"$frameworks\" = \"true\" ]\n        then\n            source=\"$CMAKE_INSTALL_FRAMEWORK_PREFIX/sfml-$1.framework\"\n            target=\"sfml-$1.framework\"\n        elif [ \"$SFML_LINK_DYLIBS_SUFFIX\" = \"-d\" ]\n        then\n            source=\"$CMAKE_INSTALL_LIB_PREFIX/libsfml-$1-d.dylib\"\n            target=\"`readlink $source`\"\n        else\n            source=\"$CMAKE_INSTALL_LIB_PREFIX/libsfml-$1.dylib\"\n            target=\"`readlink $source`\"\n        fi\n\n        copy \"$source\" \"$dest/$target\"\n\n        # copy extra dependencies\n        if [ \"$1\" = \"audio\" ]\n        then\n            # copy \"FLAC\" \"ogg\" \"vorbis\" \"vorbisenc\" \"vorbisfile\" \"OpenAL\" frameworks too\n            for f in \"FLAC\" \"ogg\" \"vorbis\" \"vorbisenc\" \"vorbisfile\" \"OpenAL\"\n            do\n                copy \"$CMAKE_INSTALL_FRAMEWORK_PREFIX/$f.framework\" \"$dest/$f.framework\"\n            done\n        elif [ \"$1\" = \"graphics\" ]\n        then\n            copy \"$CMAKE_INSTALL_FRAMEWORK_PREFIX/freetype.framework\" \"$dest/freetype.framework\"\n        fi\n    fi\n}\n\nif [ -n \"$SFML_SYSTEM\" ]\nthen\n    require \"system\"\nfi\n\nif [ -n \"$SFML_AUDIO\" ]\nthen\n    require \"audio\"\nfi\n\nif [ -n \"$SFML_NETWORK\" ]\nthen\n    require \"network\"\nfi\n\nif [ -n \"$SFML_WINDOW\" ]\nthen\n    require \"window\"\nfi\n\nif [ -n \"$SFML_GRAPHICS\" ]\nthen\n    require \"graphics\"\nfi\n\n                ";
		};
/* End PBXShellScriptBuildPhase section */

/* Begin PBXSourcesBuildPhase section */
		E22F9AD81F92378F00FB5CAA /* Sources */ = {
			isa = PBXSourcesBuildPhase;
			buildActionMask = 2147483647;
			files = (
				E22F9AE61F92378F00FB5CAA /* main.cpp in Sources */,
				E22F9AE31F92378F00FB5CAA /* ResourcePath.mm in Sources */,
			);
			runOnlyForDeploymentPostprocessing = 0;
		};
/* End PBXSourcesBuildPhase section */

/* Begin XCBuildConfiguration section */
		E22F9AF01F92378F00FB5CAA /* Debug */ = {
			isa = XCBuildConfiguration;
			buildSettings = {
				ARCHS = "$(NATIVE_ARCH_ACTUAL)";
				CLANG_CXX_LANGUAGE_STANDARD = "c++0x";
				CLANG_CXX_LIBRARY = "libc++";
				FRAMEWORK_SEARCH_PATHS = (
					/Library/Frameworks/,
					"$(inherited)",
				);
				GCC_VERSION = com.apple.compilers.llvm.clang.1_0;
				HEADER_SEARCH_PATHS = (
					/usr/local/include/,
					"$(inherited)",
				);
				LIBRARY_SEARCH_PATHS = (
					/usr/local/lib/,
					"$(inherited)",
				);
				MACOSX_DEPLOYMENT_TARGET = 10.7;
				OTHER_LDFLAGS = (
					"$(inherited)",
					"$(SFML_SYSTEM)",
					"$(SFML_WINDOW)",
					"$(SFML_GRAPHICS)",
					"$(SFML_AUDIO)",
					"$(SFML_NETWORK)",
				);
				SFML_AUDIO = "$(SFML_LINK_PREFIX) sfml-audio$(SFML_LINK_SUFFIX)";
				SFML_BINARY_TYPE = FRAMEWORKS;
				SFML_GRAPHICS = "$(SFML_LINK_PREFIX) sfml-graphics$(SFML_LINK_SUFFIX)";
				SFML_LINK_DYLIBS_PREFIX = "-l";
				SFML_LINK_DYLIBS_SUFFIX = "";
				SFML_LINK_FRAMEWORKS_PREFIX = "-framework";
				SFML_LINK_FRAMEWORKS_SUFFIX = "";
				SFML_LINK_PREFIX = "$(SFML_LINK_$(SFML_BINARY_TYPE)_PREFIX)";
				SFML_LINK_SUFFIX = "$(SFML_LINK_$(SFML_BINARY_TYPE)_SUFFIX)";
				SFML_NETWORK = "$(SFML_LINK_PREFIX) sfml-network$(SFML_LINK_SUFFIX)";
				SFML_SYSTEM = "$(SFML_LINK_PREFIX) sfml-system$(SFML_LINK_SUFFIX)";
				SFML_WINDOW = "$(SFML_LINK_PREFIX) sfml-window$(SFML_LINK_SUFFIX)";
				SUPPORTED_PLATFORMS = macosx;
			};
			name = Debug;
		};
		E22F9AF11F92378F00FB5CAA /* Release */ = {
			isa = XCBuildConfiguration;
			buildSettings = {
				ARCHS = "$(NATIVE_ARCH_ACTUAL)";
				CLANG_CXX_LANGUAGE_STANDARD = "c++0x";
				CLANG_CXX_LIBRARY = "libc++";
				FRAMEWORK_SEARCH_PATHS = (
					/Library/Frameworks/,
					"$(inherited)",
				);
				GCC_VERSION = com.apple.compilers.llvm.clang.1_0;
				HEADER_SEARCH_PATHS = (
					/usr/local/include/,
					"$(inherited)",
				);
				LIBRARY_SEARCH_PATHS = (
					/usr/local/lib/,
					"$(inherited)",
				);
				MACOSX_DEPLOYMENT_TARGET = 10.7;
				OTHER_LDFLAGS = (
					"$(inherited)",
					"$(SFML_SYSTEM)",
					"$(SFML_WINDOW)",
					"$(SFML_GRAPHICS)",
					"$(SFML_AUDIO)",
					"$(SFML_NETWORK)",
				);
				SFML_AUDIO = "$(SFML_LINK_PREFIX) sfml-audio$(SFML_LINK_SUFFIX)";
				SFML_BINARY_TYPE = FRAMEWORKS;
				SFML_GRAPHICS = "$(SFML_LINK_PREFIX) sfml-graphics$(SFML_LINK_SUFFIX)";
				SFML_LINK_DYLIBS_PREFIX = "-l";
				SFML_LINK_DYLIBS_SUFFIX = "";
				SFML_LINK_FRAMEWORKS_PREFIX = "-framework";
				SFML_LINK_FRAMEWORKS_SUFFIX = "";
				SFML_LINK_PREFIX = "$(SFML_LINK_$(SFML_BINARY_TYPE)_PREFIX)";
				SFML_LINK_SUFFIX = "$(SFML_LINK_$(SFML_BINARY_TYPE)_SUFFIX)";
				SFML_NETWORK = "$(SFML_LINK_PREFIX) sfml-network$(SFML_LINK_SUFFIX)";
				SFML_SYSTEM = "$(SFML_LINK_PREFIX) sfml-system$(SFML_LINK_SUFFIX)";
				SFML_WINDOW = "$(SFML_LINK_PREFIX) sfml-window$(SFML_LINK_SUFFIX)";
				SUPPORTED_PLATFORMS = macosx;
			};
			name = Release;
		};
		E22F9AF31F92378F00FB5CAA /* Debug */ = {
			isa = XCBuildConfiguration;
			buildSettings = {
				CODE_SIGN_STYLE = Automatic;
				DEVELOPMENT_TEAM = CG44KQWSS5;
				INFOPLIST_FILE = "My First Game/My First Game-Info.plist";
				LD_RUNPATH_SEARCH_PATHS = "@loader_path/../Frameworks";
				PRODUCT_NAME = "$(TARGET_NAME)";
			};
			name = Debug;
		};
		E22F9AF41F92378F00FB5CAA /* Release */ = {
			isa = XCBuildConfiguration;
			buildSettings = {
				CODE_SIGN_STYLE = Automatic;
				DEVELOPMENT_TEAM = CG44KQWSS5;
				INFOPLIST_FILE = "My First Game/My First Game-Info.plist";
				LD_RUNPATH_SEARCH_PATHS = "@loader_path/../Frameworks";
				PRODUCT_NAME = "$(TARGET_NAME)";
			};
			name = Release;
		};
/* End XCBuildConfiguration section */

/* Begin XCConfigurationList section */
		E22F9AD71F92378F00FB5CAA /* Build configuration list for PBXProject "My First Game" */ = {
			isa = XCConfigurationList;
			buildConfigurations = (
				E22F9AF01F92378F00FB5CAA /* Debug */,
				E22F9AF11F92378F00FB5CAA /* Release */,
			);
			defaultConfigurationIsVisible = 0;
			defaultConfigurationName = Release;
		};
		E22F9AF21F92378F00FB5CAA /* Build configuration list for PBXNativeTarget "My First Game" */ = {
			isa = XCConfigurationList;
			buildConfigurations = (
				E22F9AF31F92378F00FB5CAA /* Debug */,
				E22F9AF41F92378F00FB5CAA /* Release */,
			);
			defaultConfigurationIsVisible = 0;
			defaultConfigurationName = Release;
		};
/* End XCConfigurationList section */
	};
	rootObject = E22F9AD41F92378F00FB5CAA /* Project object */;
}
